{
  "originHash" : "55df34735be77dde4d92b13fbd90e1b9ab472fa212519a415a896f5c0e895487",
  "pins" : [
    {
      "identity" : "appsflyerframework-static",
      "kind" : "remoteSourceControl",
      "location" : "https://github.com/AppsFlyerSDK/AppsFlyerFramework-Static",
      "state" : {
        "revision" : "14ab04fdb7cfd40623477e111698fe1cad888728",
        "version" : "7.0.2"
      }
    }
  ],
  "version" : 3
}
